
Microsoft Visual Studio Solution File, Format Version 12.00
# Visual Studio Version 17
VisualStudioVersion = 17.9.34728.123
MinimumVisualStudioVersion = 10.0.40219.1
Project("{FAE04EC0-301F-11D3-BF4B-00C04F79EFBC}") = "MauiNewsApp", "MauiNewsApp\MauiNewsApp.csproj", "{1C82ACC7-F35B-414B-843F-7608F4E72C96}"
EndProject
Global
	GlobalSection(SolutionConfigurationPlatforms) = preSolution
		Debug|Any CPU = Debug|Any CPU
		Release|Any CPU = Release|Any CPU
	EndGlobalSection
	GlobalSection(ProjectConfigurationPlatforms) = postSolution
		{1C82ACC7-F35B-414B-843F-7608F4E72C96}.Debug|Any CPU.ActiveCfg = Debug|Any CPU
		{1C82ACC7-F35B-414B-843F-7608F4E72C96}.Debug|Any CPU.Build.0 = Debug|Any CPU
		{1C82ACC7-F35B-414B-843F-7608F4E72C96}.Debug|Any CPU.Deploy.0 = Debug|Any CPU
		{1C82ACC7-F35B-414B-843F-7608F4E72C96}.Release|Any CPU.ActiveCfg = Release|Any CPU
		{1C82ACC7-F35B-414B-843F-7608F4E72C96}.Release|Any CPU.Build.0 = Release|Any CPU
		{1C82ACC7-F35B-414B-843F-7608F4E72C96}.Release|Any CPU.Deploy.0 = Release|Any CPU
	EndGlobalSection
	GlobalSection(SolutionProperties) = preSolution
		HideSolutionNode = FALSE
	EndGlobalSection
	GlobalSection(ExtensibilityGlobals) = postSolution
		SolutionGuid = {46DE2DE4-87A7-4A33-8514-140494BA9CD9}
	EndGlobalSection
EndGlobal
